
Microsoft Visual Studio Solution File, Format Version 12.00
# Visual Studio Version 17
VisualStudioVersion = 17.8.34525.116
MinimumVisualStudioVersion = 10.0.40219.1
Project("{2150E333-8FDC-42A3-9474-1A3956D46DE8}") = "src", "src", "{940E8365-E3F5-4640-AD2F-86615270E30A}"
EndProject
Project("{2150E333-8FDC-42A3-9474-1A3956D46DE8}") = "tests", "tests", "{EB24C78E-A39F-4C35-9AB7-25F82A29EEAC}"
EndProject
Project("{FAE04EC0-301F-11D3-BF4B-00C04F79EFBC}") = "RocketseatAuction.API", "src\RocketseatAuction.API\RocketseatAuction.API.csproj", "{CF93BF1D-85B8-45F7-9FC5-6D8D2588AAB9}"
EndProject
Global
	GlobalSection(SolutionConfigurationPlatforms) = preSolution
		Debug|Any CPU = Debug|Any CPU
		Release|Any CPU = Release|Any CPU
	EndGlobalSection
	GlobalSection(ProjectConfigurationPlatforms) = postSolution
		{CF93BF1D-85B8-45F7-9FC5-6D8D2588AAB9}.Debug|Any CPU.ActiveCfg = Debug|Any CPU
		{CF93BF1D-85B8-45F7-9FC5-6D8D2588AAB9}.Debug|Any CPU.Build.0 = Debug|Any CPU
		{CF93BF1D-85B8-45F7-9FC5-6D8D2588AAB9}.Release|Any CPU.ActiveCfg = Release|Any CPU
		{CF93BF1D-85B8-45F7-9FC5-6D8D2588AAB9}.Release|Any CPU.Build.0 = Release|Any CPU
	EndGlobalSection
	GlobalSection(SolutionProperties) = preSolution
		HideSolutionNode = FALSE
	EndGlobalSection
	GlobalSection(NestedProjects) = preSolution
		{CF93BF1D-85B8-45F7-9FC5-6D8D2588AAB9} = {940E8365-E3F5-4640-AD2F-86615270E30A}
	EndGlobalSection
	GlobalSection(ExtensibilityGlobals) = postSolution
		SolutionGuid = {E7254272-5C77-4D20-BC9D-AD3DE61352F9}
	EndGlobalSection
EndGlobal
